
Microsoft Visual Studio Solution File, Format Version 12.00
# Visual Studio 2013
VisualStudioVersion = 12.0.21005.1
MinimumVisualStudioVersion = 10.0.40219.1
Project("{FAE04EC0-301F-11D3-BF4B-00C04F79EFBC}") = "AmadeiNicola_Sottoreti", "AmadeiNicola_Sottoreti\AmadeiNicola_Sottoreti.csproj", "{B53B3983-AED9-4577-8110-D35E83EA984C}"
EndProject
Global
	GlobalSection(SolutionConfigurationPlatforms) = preSolution
		Debug|Any CPU = Debug|Any CPU
		Release|Any CPU = Release|Any CPU
	EndGlobalSection
	GlobalSection(ProjectConfigurationPlatforms) = postSolution
		{B53B3983-AED9-4577-8110-D35E83EA984C}.Debug|Any CPU.ActiveCfg = Debug|Any CPU
		{B53B3983-AED9-4577-8110-D35E83EA984C}.Debug|Any CPU.Build.0 = Debug|Any CPU
		{B53B3983-AED9-4577-8110-D35E83EA984C}.Release|Any CPU.ActiveCfg = Release|Any CPU
		{B53B3983-AED9-4577-8110-D35E83EA984C}.Release|Any CPU.Build.0 = Release|Any CPU
	EndGlobalSection
	GlobalSection(SolutionProperties) = preSolution
		HideSolutionNode = FALSE
	EndGlobalSection
EndGlobal
